
Microsoft Visual Studio Solution File, Format Version 12.00
# Visual Studio Version 17
VisualStudioVersion = 17.11.35303.130
MinimumVisualStudioVersion = 10.0.40219.1
Project("{8BC9CEB8-8B4A-11D0-8D11-00A0C91BC942}") = "1", "1\1.vcxproj", "{85053B24-B6E2-428E-91C9-F191BE87BB9E}"
EndProject
Project("{8BC9CEB8-8B4A-11D0-8D11-00A0C91BC942}") = "2", "2\2.vcxproj", "{00625C31-C047-43FD-B71D-50B28D38DB7B}"
EndProject
Project("{8BC9CEB8-8B4A-11D0-8D11-00A0C91BC942}") = "3", "3\3.vcxproj", "{5C3CC4F4-B946-4BFF-9085-A79CBEB98A1C}"
EndProject
Project("{8BC9CEB8-8B4A-11D0-8D11-00A0C91BC942}") = "4", "4\4.vcxproj", "{BEEFD71B-8492-4769-BAD7-24636EF6A91E}"
EndProject
Project("{8BC9CEB8-8B4A-11D0-8D11-00A0C91BC942}") = "5", "5\5.vcxproj", "{02318FD3-1857-4894-B889-C14EFEBD5644}"
EndProject
Project("{8BC9CEB8-8B4A-11D0-8D11-00A0C91BC942}") = "6", "6\6.vcxproj", "{E7FE5772-65ED-4AE7-9952-8BAA87ABB8A3}"
EndProject
Project("{8BC9CEB8-8B4A-11D0-8D11-00A0C91BC942}") = "7", "7\7.vcxproj", "{157E430D-C4B0-424A-BAB8-C6935C1CC49F}"
EndProject
Global
	GlobalSection(SolutionConfigurationPlatforms) = preSolution
		Debug|x64 = Debug|x64
		Debug|x86 = Debug|x86
		Release|x64 = Release|x64
		Release|x86 = Release|x86
	EndGlobalSection
	GlobalSection(ProjectConfigurationPlatforms) = postSolution
		{85053B24-B6E2-428E-91C9-F191BE87BB9E}.Debug|x64.ActiveCfg = Debug|x64
		{85053B24-B6E2-428E-91C9-F191BE87BB9E}.Debug|x64.Build.0 = Debug|x64
		{85053B24-B6E2-428E-91C9-F191BE87BB9E}.Debug|x86.ActiveCfg = Debug|Win32
		{85053B24-B6E2-428E-91C9-F191BE87BB9E}.Debug|x86.Build.0 = Debug|Win32
		{85053B24-B6E2-428E-91C9-F191BE87BB9E}.Release|x64.ActiveCfg = Release|x64
		{85053B24-B6E2-428E-91C9-F191BE87BB9E}.Release|x64.Build.0 = Release|x64
		{85053B24-B6E2-428E-91C9-F191BE87BB9E}.Release|x86.ActiveCfg = Release|Win32
		{85053B24-B6E2-428E-91C9-F191BE87BB9E}.Release|x86.Build.0 = Release|Win32
		{00625C31-C047-43FD-B71D-50B28D38DB7B}.Debug|x64.ActiveCfg = Debug|x64
		{00625C31-C047-43FD-B71D-50B28D38DB7B}.Debug|x64.Build.0 = Debug|x64
		{00625C31-C047-43FD-B71D-50B28D38DB7B}.Debug|x86.ActiveCfg = Debug|Win32
		{00625C31-C047-43FD-B71D-50B28D38DB7B}.Debug|x86.Build.0 = Debug|Win32
		{00625C31-C047-43FD-B71D-50B28D38DB7B}.Release|x64.ActiveCfg = Release|x64
		{00625C31-C047-43FD-B71D-50B28D38DB7B}.Release|x64.Build.0 = Release|x64
		{00625C31-C047-43FD-B71D-50B28D38DB7B}.Release|x86.ActiveCfg = Release|Win32
		{00625C31-C047-43FD-B71D-50B28D38DB7B}.Release|x86.Build.0 = Release|Win32
		{5C3CC4F4-B946-4BFF-9085-A79CBEB98A1C}.Debug|x64.ActiveCfg = Debug|x64
		{5C3CC4F4-B946-4BFF-9085-A79CBEB98A1C}.Debug|x64.Build.0 = Debug|x64
		{5C3CC4F4-B946-4BFF-9085-A79CBEB98A1C}.Debug|x86.ActiveCfg = Debug|Win32
		{5C3CC4F4-B946-4BFF-9085-A79CBEB98A1C}.Debug|x86.Build.0 = Debug|Win32
		{5C3CC4F4-B946-4BFF-9085-A79CBEB98A1C}.Release|x64.ActiveCfg = Release|x64
		{5C3CC4F4-B946-4BFF-9085-A79CBEB98A1C}.Release|x64.Build.0 = Release|x64
		{5C3CC4F4-B946-4BFF-9085-A79CBEB98A1C}.Release|x86.ActiveCfg = Release|Win32
		{5C3CC4F4-B946-4BFF-9085-A79CBEB98A1C}.Release|x86.Build.0 = Release|Win32
		{BEEFD71B-8492-4769-BAD7-24636EF6A91E}.Debug|x64.ActiveCfg = Debug|x64
		{BEEFD71B-8492-4769-BAD7-24636EF6A91E}.Debug|x64.Build.0 = Debug|x64
		{BEEFD71B-8492-4769-BAD7-24636EF6A91E}.Debug|x86.ActiveCfg = Debug|Win32
		{BEEFD71B-8492-4769-BAD7-24636EF6A91E}.Debug|x86.Build.0 = Debug|Win32
		{BEEFD71B-8492-4769-BAD7-24636EF6A91E}.Release|x64.ActiveCfg = Release|x64
		{BEEFD71B-8492-4769-BAD7-24636EF6A91E}.Release|x64.Build.0 = Release|x64
		{BEEFD71B-8492-4769-BAD7-24636EF6A91E}.Release|x86.ActiveCfg = Release|Win32
		{BEEFD71B-8492-4769-BAD7-24636EF6A91E}.Release|x86.Build.0 = Release|Win32
		{02318FD3-1857-4894-B889-C14EFEBD5644}.Debug|x64.ActiveCfg = Debug|x64
		{02318FD3-1857-4894-B889-C14EFEBD5644}.Debug|x64.Build.0 = Debug|x64
		{02318FD3-1857-4894-B889-C14EFEBD5644}.Debug|x86.ActiveCfg = Debug|Win32
		{02318FD3-1857-4894-B889-C14EFEBD5644}.Debug|x86.Build.0 = Debug|Win32
		{02318FD3-1857-4894-B889-C14EFEBD5644}.Release|x64.ActiveCfg = Release|x64
		{02318FD3-1857-4894-B889-C14EFEBD5644}.Release|x64.Build.0 = Release|x64
		{02318FD3-1857-4894-B889-C14EFEBD5644}.Release|x86.ActiveCfg = Release|Win32
		{02318FD3-1857-4894-B889-C14EFEBD5644}.Release|x86.Build.0 = Release|Win32
		{E7FE5772-65ED-4AE7-9952-8BAA87ABB8A3}.Debug|x64.ActiveCfg = Debug|x64
		{E7FE5772-65ED-4AE7-9952-8BAA87ABB8A3}.Debug|x64.Build.0 = Debug|x64
		{E7FE5772-65ED-4AE7-9952-8BAA87ABB8A3}.Debug|x86.ActiveCfg = Debug|Win32
		{E7FE5772-65ED-4AE7-9952-8BAA87ABB8A3}.Debug|x86.Build.0 = Debug|Win32
		{E7FE5772-65ED-4AE7-9952-8BAA87ABB8A3}.Release|x64.ActiveCfg = Release|x64
		{E7FE5772-65ED-4AE7-9952-8BAA87ABB8A3}.Release|x64.Build.0 = Release|x64
		{E7FE5772-65ED-4AE7-9952-8BAA87ABB8A3}.Release|x86.ActiveCfg = Release|Win32
		{E7FE5772-65ED-4AE7-9952-8BAA87ABB8A3}.Release|x86.Build.0 = Release|Win32
		{157E430D-C4B0-424A-BAB8-C6935C1CC49F}.Debug|x64.ActiveCfg = Debug|x64
		{157E430D-C4B0-424A-BAB8-C6935C1CC49F}.Debug|x64.Build.0 = Debug|x64
		{157E430D-C4B0-424A-BAB8-C6935C1CC49F}.Debug|x86.ActiveCfg = Debug|Win32
		{157E430D-C4B0-424A-BAB8-C6935C1CC49F}.Debug|x86.Build.0 = Debug|Win32
		{157E430D-C4B0-424A-BAB8-C6935C1CC49F}.Release|x64.ActiveCfg = Release|x64
		{157E430D-C4B0-424A-BAB8-C6935C1CC49F}.Release|x64.Build.0 = Release|x64
		{157E430D-C4B0-424A-BAB8-C6935C1CC49F}.Release|x86.ActiveCfg = Release|Win32
		{157E430D-C4B0-424A-BAB8-C6935C1CC49F}.Release|x86.Build.0 = Release|Win32
	EndGlobalSection
	GlobalSection(SolutionProperties) = preSolution
		HideSolutionNode = FALSE
	EndGlobalSection
	GlobalSection(ExtensibilityGlobals) = postSolution
		SolutionGuid = {E651EC6A-FA50-42D5-938B-A4B4201CBF7A}
	EndGlobalSection
EndGlobal
